{
  "name": "qodemate-core",
  "version": "0.1.7",
  "lockfileVersion": 1,
  "requires": true,
  "dependencies": {
    "delay": {
      "version": "3.1.0",
      "resolved": "https://registry.npmjs.org/delay/-/delay-3.1.0.tgz",
      "integrity": "sha512-ADIHfsP8Rh9p70e5nPeiQk9/3hobVSoBgGNJLWMFgKBpgT4aiYWoor8St1WbOV0RU5f3aVBDGHvF4zbYrfKl/A=="
    },
    "fs-extra": {
      "version": "7.0.0",
      "resolved": "https://registry.npmjs.org/fs-extra/-/fs-extra-7.0.0.tgz",
      "integrity": "sha512-EglNDLRpmaTWiD/qraZn6HREAEAHJcJOmxNEYwq6xeMKnVMAy3GUcFB+wXt2C6k4CNvB/mP1y/U3dzvKKj5OtQ==",
      "requires": {
        "graceful-fs": "4.1.11",
        "jsonfile": "4.0.0",
        "universalify": "0.1.2"
      }
    },
    "gitignore-globs": {
      "version": "0.1.1",
      "resolved": "https://registry.npmjs.org/gitignore-globs/-/gitignore-globs-0.1.1.tgz",
      "integrity": "sha1-9iR8Ay8rtKwKvoSUHT/EI9jBpAs="
    },
    "gitignore-templates": {
      "version": "0.0.6",
      "resolved": "https://registry.npmjs.org/gitignore-templates/-/gitignore-templates-0.0.6.tgz",
      "integrity": "sha512-ATTd6ZSt6vIV/V5JWPX/VsspzIpAMxPvHNLzeZXRB19yTc9eBlO8a1oTtjzaR9q8bhSCF58FlNbCdcZrMwm6kw=="
    },
    "graceful-fs": {
      "version": "4.1.11",
      "resolved": "https://registry.npmjs.org/graceful-fs/-/graceful-fs-4.1.11.tgz",
      "integrity": "sha1-Dovf5NHduIVNZOBOp8AOKgJuVlg="
    },
    "ignore": {
      "version": "5.0.2",
      "resolved": "https://registry.npmjs.org/ignore/-/ignore-5.0.2.tgz",
      "integrity": "sha512-ilxkgh36cTqJxlipxQdCOxkbQae5dIeCwo5fSw6pBDW8m8GiMTnadClKST2+aATqjs9BTHsi0IqOsTp0jiihAw=="
    },
    "is-wsl": {
      "version": "1.1.0",
      "resolved": "https://registry.npmjs.org/is-wsl/-/is-wsl-1.1.0.tgz",
      "integrity": "sha1-HxbkqiKwTRM2tmGIpmrzxgDDpm0="
    },
    "jsonfile": {
      "version": "4.0.0",
      "resolved": "https://registry.npmjs.org/jsonfile/-/jsonfile-4.0.0.tgz",
      "integrity": "sha1-h3Gq4HmbZAdrdmQPygWPnBDjPss=",
      "requires": {
        "graceful-fs": "4.1.11"
      }
    },
    "klaw-sync": {
      "version": "4.0.0",
      "resolved": "https://registry.npmjs.org/klaw-sync/-/klaw-sync-4.0.0.tgz",
      "integrity": "sha512-go/5tXbgLkgwxQ2c2ewaMen6TpQtI9fTzzmTdlSGK8XxKcFSsJvn/Sgn75Vg+mOJwkKVPrqLw2Xq7x/zP1v7PQ==",
      "requires": {
        "graceful-fs": "4.1.11"
      }
    },
    "opn": {
      "version": "5.3.0",
      "resolved": "https://registry.npmjs.org/opn/-/opn-5.3.0.tgz",
      "integrity": "sha512-bYJHo/LOmoTd+pfiYhfZDnf9zekVJrY+cnS2a5F2x+w5ppvTqObojTP7WiFG+kVZs9Inw+qQ/lw7TroWwhdd2g==",
      "requires": {
        "is-wsl": "1.1.0"
      }
    },
    "universalify": {
      "version": "0.1.2",
      "resolved": "https://registry.npmjs.org/universalify/-/universalify-0.1.2.tgz",
      "integrity": "sha512-rBJeI5CXAlmy1pV+617WB9J63U6XcazHHF2f2dbJix4XzpUF0RS3Zbj0FGIOCAva5P/d/GBOYaACQ1w+0azUkg=="
    }
  }
}
